
Microsoft Visual Studio Solution File, Format Version 12.00
# Visual Studio 2013
VisualStudioVersion = 12.0.40629.0
MinimumVisualStudioVersion = 10.0.40219.1
Project("{FAE04EC0-301F-11D3-BF4B-00C04F79EFBC}") = "KurGoster", "KurGoster\KurGoster.csproj", "{4CC04C8A-A4F3-4746-9035-42C8CECEB134}"
EndProject
Global
	GlobalSection(SolutionConfigurationPlatforms) = preSolution
		Debug|Any CPU = Debug|Any CPU
		Release|Any CPU = Release|Any CPU
	EndGlobalSection
	GlobalSection(ProjectConfigurationPlatforms) = postSolution
		{4CC04C8A-A4F3-4746-9035-42C8CECEB134}.Debug|Any CPU.ActiveCfg = Debug|Any CPU
		{4CC04C8A-A4F3-4746-9035-42C8CECEB134}.Debug|Any CPU.Build.0 = Debug|Any CPU
		{4CC04C8A-A4F3-4746-9035-42C8CECEB134}.Release|Any CPU.ActiveCfg = Release|Any CPU
		{4CC04C8A-A4F3-4746-9035-42C8CECEB134}.Release|Any CPU.Build.0 = Release|Any CPU
	EndGlobalSection
	GlobalSection(SolutionProperties) = preSolution
		HideSolutionNode = FALSE
	EndGlobalSection
EndGlobal
